PODS:
  - Flutter (1.0.0)
  - openpay_plugin (0.0.1):
    - Flutter

DEPENDENCIES:
  - Flutter (from `Flutter`)
  - openpay_plugin (from `.symlinks/plugins/openpay_plugin/ios`)

EXTERNAL SOURCES:
  Flutter:
    :path: Flutter
  openpay_plugin:
    :path: ".symlinks/plugins/openpay_plugin/ios"

SPEC CHECKSUMS:
  Flutter: 0e3d915762c693b495b44d77113d4970485de6ec
  openpay_plugin: de0a61a6cd7c8759412d17cea200d63a1a7a2bf9

PODFILE CHECKSUM: 8a33efa58dc57a7f373c516a2da52015e2bc3447

COCOAPODS: 1.8.4
